// !$*UTF8*$!
{
	archiveVersion = 1;
	classes = {
	};
	objectVersion = 46;
	objects = {

/* Begin PBXBuildFile section */
		920EF3E21BA7792200597D33 /* AppDelegate.swift in Sources */ = {isa = PBXBuildFile; fileRef = 920EF3E11BA7792200597D33 /* AppDelegate.swift */; };
		920EF3E41BA7792200597D33 /* ViewController.swift in Sources */ = {isa = PBXBuildFile; fileRef = 920EF3E31BA7792200597D33 /* ViewController.swift */; };
		920EF3E71BA7792200597D33 /* Main.storyboard in Resources */ = {isa = PBXBuildFile; fileRef = 920EF3E51BA7792200597D33 /* Main.storyboard */; };
		920EF3E91BA7792200597D33 /* Images.xcassets in Resources */ = {isa = PBXBuildFile; fileRef = 920EF3E81BA7792200597D33 /* Images.xcassets */; };
		920EF3EC1BA7792200597D33 /* LaunchScreen.xib in Resources */ = {isa = PBXBuildFile; fileRef = 920EF3EA1BA7792200597D33 /* LaunchScreen.xib */; };
		920EF3F81BA7792200597D33 /* FliprTests.swift in Sources */ = {isa = PBXBuildFile; fileRef = 920EF3F71BA7792200597D33 /* FliprTests.swift */; };
		BA267400C3AF132789EDA1AC /* libPods-Flipr.a in Frameworks */ = {isa = PBXBuildFile; fileRef = B621886BA563FB26E7AD044A /* libPods-Flipr.a */; };
/* End PBXBuildFile section */

/* Begin PBXContainerItemProxy section */
		920EF3F21BA7792200597D33 /* PBXContainerItemProxy */ = {
			isa = PBXContainerItemProxy;
			containerPortal = 920EF3D41BA7792200597D33 /* Project object */;
			proxyType = 1;
			remoteGlobalIDString = 920EF3DB1BA7792200597D33;
			remoteInfo = Flipr;
		};
/* End PBXContainerItemProxy section */

/* Begin PBXFileReference section */
		363D9272C369446F152EE14B /* Pods-Flipr.debug.xcconfig */ = {isa = PBXFileReference; includeInIndex = 1; lastKnownFileType = text.xcconfig; name = "Pods-Flipr.debug.xcconfig"; path = "Pods/Target Support Files/Pods-Flipr/Pods-Flipr.debug.xcconfig"; sourceTree = "<group>"; };
		8701532541BB9090F77C0C7B /* Pods-Flipr.release.xcconfig */ = {isa = PBXFileReference; includeInIndex = 1; lastKnownFileType = text.xcconfig; name = "Pods-Flipr.release.xcconfig"; path = "Pods/Target Support Files/Pods-Flipr/Pods-Flipr.release.xcconfig"; sourceTree = "<group>"; };
		920EF3DC1BA7792200597D33 /* Flipr.app */ = {isa = PBXFileReference; explicitFileType = wrapper.application; includeInIndex = 0; path = Flipr.app; sourceTree = BUILT_PRODUCTS_DIR; };
		920EF3E01BA7792200597D33 /* Info.plist */ = {isa = PBXFileReference; lastKnownFileType = text.plist.xml; path = Info.plist; sourceTree = "<group>"; };
		920EF3E11BA7792200597D33 /* AppDelegate.swift */ = {isa = PBXFileReference; lastKnownFileType = sourcecode.swift; path = AppDelegate.swift; sourceTree = "<group>"; };
		920EF3E31BA7792200597D33 /* ViewController.swift */ = {isa = PBXFileReference; lastKnownFileType = sourcecode.swift; path = ViewController.swift; sourceTree = "<group>"; };
		920EF3E61BA7792200597D33 /* Base */ = {isa = PBXFileReference; lastKnownFileType = file.storyboard; name = Base; path = Base.lproj/Main.storyboard; sourceTree = "<group>"; };
		920EF3E81BA7792200597D33 /* Images.xcassets */ = {isa = PBXFileReference; lastKnownFileType = folder.assetcatalog; path = Images.xcassets; sourceTree = "<group>"; };
		920EF3EB1BA7792200597D33 /* Base */ = {isa = PBXFileReference; lastKnownFileType = file.xib; name = Base; path = Base.lproj/LaunchScreen.xib; sourceTree = "<group>"; };
		920EF3F11BA7792200597D33 /* FliprTests.xctest */ = {isa = PBXFileReference; explicitFileType = wrapper.cfbundle; includeInIndex = 0; path = FliprTests.xctest; sourceTree = BUILT_PRODUCTS_DIR; };
		920EF3F61BA7792200597D33 /* Info.plist */ = {isa = PBXFileReference; lastKnownFileType = text.plist.xml; path = Info.plist; sourceTree = "<group>"; };
		920EF3F71BA7792200597D33 /* FliprTests.swift */ = {isa = PBXFileReference; lastKnownFileType = sourcecode.swift; path = FliprTests.swift; sourceTree = "<group>"; };
		B621886BA563FB26E7AD044A /* libPods-Flipr.a */ = {isa = PBXFileReference; explicitFileType = archive.ar; includeInIndex = 0; path = "libPods-Flipr.a"; sourceTree = BUILT_PRODUCTS_DIR; };
/* End PBXFileReference section */

/* Begin PBXFrameworksBuildPhase section */
		920EF3D91BA7792200597D33 /* Frameworks */ = {
			isa = PBXFrameworksBuildPhase;
			buildActionMask = 2147483647;
			files = (
				BA267400C3AF132789EDA1AC /* libPods-Flipr.a in Frameworks */,
			);
			runOnlyForDeploymentPostprocessing = 0;
		};
		920EF3EE1BA7792200597D33 /* Frameworks */ = {
			isa = PBXFrameworksBuildPhase;
			buildActionMask = 2147483647;
			files = (
			);
			runOnlyForDeploymentPostprocessing = 0;
		};
/* End PBXFrameworksBuildPhase section */

/* Begin PBXGroup section */
		517DD3B32A3019D17FCECBFB /* Frameworks */ = {
			isa = PBXGroup;
			children = (
				B621886BA563FB26E7AD044A /* libPods-Flipr.a */,
			);
			name = Frameworks;
			sourceTree = "<group>";
		};
		920EF3D31BA7792200597D33 = {
			isa = PBXGroup;
			children = (
				920EF3DE1BA7792200597D33 /* Flipr */,
				920EF3F41BA7792200597D33 /* FliprTests */,
				920EF3DD1BA7792200597D33 /* Products */,
				F0165645462C895061B2A955 /* Pods */,
				517DD3B32A3019D17FCECBFB /* Frameworks */,
			);
			sourceTree = "<group>";
		};
		920EF3DD1BA7792200597D33 /* Products */ = {
			isa = PBXGroup;
			children = (
				920EF3DC1BA7792200597D33 /* Flipr.app */,
				920EF3F11BA7792200597D33 /* FliprTests.xctest */,
			);
			name = Products;
			sourceTree = "<group>";
		};
		920EF3DE1BA7792200597D33 /* Flipr */ = {
			isa = PBXGroup;
			children = (
				920EF3E11BA7792200597D33 /* AppDelegate.swift */,
				920EF3E31BA7792200597D33 /* ViewController.swift */,
				920EF3E51BA7792200597D33 /* Main.storyboard */,
				920EF3E81BA7792200597D33 /* Images.xcassets */,
				920EF3EA1BA7792200597D33 /* LaunchScreen.xib */,
				920EF3DF1BA7792200597D33 /* Supporting Files */,
			);
			path = Flipr;
			sourceTree = "<group>";
		};
		920EF3DF1BA7792200597D33 /* Supporting Files */ = {
			isa = PBXGroup;
			children = (
				920EF3E01BA7792200597D33 /* Info.plist */,
			);
			name = "Supporting Files";
			sourceTree = "<group>";
		};
		920EF3F41BA7792200597D33 /* FliprTests */ = {
			isa = PBXGroup;
			children = (
				920EF3F71BA7792200597D33 /* FliprTests.swift */,
				920EF3F51BA7792200597D33 /* Supporting Files */,
			);
			path = FliprTests;
			sourceTree = "<group>";
		};
		920EF3F51BA7792200597D33 /* Supporting Files */ = {
			isa = PBXGroup;
			children = (
				920EF3F61BA7792200597D33 /* Info.plist */,
			);
			name = "Supporting Files";
			sourceTree = "<group>";
		};
		F0165645462C895061B2A955 /* Pods */ = {
			isa = PBXGroup;
			children = (
				363D9272C369446F152EE14B /* Pods-Flipr.debug.xcconfig */,
				8701532541BB9090F77C0C7B /* Pods-Flipr.release.xcconfig */,
			);
			name = Pods;
			sourceTree = "<group>";
		};
/* End PBXGroup section */

/* Begin PBXNativeTarget section */
		920EF3DB1BA7792200597D33 /* Flipr */ = {
			isa = PBXNativeTarget;
			buildConfigurationList = 920EF3FB1BA7792200597D33 /* Build configuration list for PBXNativeTarget "Flipr" */;
			buildPhases = (
				53CBE02FFF7D5BC35DCA8CBB /* Check Pods Manifest.lock */,
				920EF3D81BA7792200597D33 /* Sources */,
				920EF3D91BA7792200597D33 /* Frameworks */,
				920EF3DA1BA7792200597D33 /* Resources */,
				E01699D7350CC61218A443BC /* Copy Pods Resources */,
			);
			buildRules = (
			);
			dependencies = (
			);
			name = Flipr;
			productName = Flipr;
			productReference = 920EF3DC1BA7792200597D33 /* Flipr.app */;
			productType = "com.apple.product-type.application";
		};
		920EF3F01BA7792200597D33 /* FliprTests */ = {
			isa = PBXNativeTarget;
			buildConfigurationList = 920EF3FE1BA7792200597D33 /* Build configuration list for PBXNativeTarget "FliprTests" */;
			buildPhases = (
				920EF3ED1BA7792200597D33 /* Sources */,
				920EF3EE1BA7792200597D33 /* Frameworks */,
				920EF3EF1BA7792200597D33 /* Resources */,
			);
			buildRules = (
			);
			dependencies = (
				920EF3F31BA7792200597D33 /* PBXTargetDependency */,
			);
			name = FliprTests;
			productName = FliprTests;
			productReference = 920EF3F11BA7792200597D33 /* FliprTests.xctest */;
			productType = "com.apple.product-type.bundle.unit-test";
		};
/* End PBXNativeTarget section */

/* Begin PBXProject section */
		920EF3D41BA7792200597D33 /* Project object */ = {
			isa = PBXProject;
			attributes = {
				LastUpgradeCheck = 0640;
				ORGANIZATIONNAME = Flipr;
				TargetAttributes = {
					920EF3DB1BA7792200597D33 = {
						CreatedOnToolsVersion = 6.4;
					};
					920EF3F01BA7792200597D33 = {
						CreatedOnToolsVersion = 6.4;
						TestTargetID = 920EF3DB1BA7792200597D33;
					};
				};
			};
			buildConfigurationList = 920EF3D71BA7792200597D33 /* Build configuration list for PBXProject "Flipr" */;
			compatibilityVersion = "Xcode 3.2";
			developmentRegion = English;
			hasScannedForEncodings = 0;
			knownRegions = (
				en,
				Base,
			);
			mainGroup = 920EF3D31BA7792200597D33;
			productRefGroup = 920EF3DD1BA7792200597D33 /* Products */;
			projectDirPath = "";
			projectRoot = "";
			targets = (
				920EF3DB1BA7792200597D33 /* Flipr */,
				920EF3F01BA7792200597D33 /* FliprTests */,
			);
		};
/* End PBXProject section */

/* Begin PBXResourcesBuildPhase section */
		920EF3DA1BA7792200597D33 /* Resources */ = {
			isa = PBXResourcesBuildPhase;
			buildActionMask = 2147483647;
			files = (
				920EF3E71BA7792200597D33 /* Main.storyboard in Resources */,
				920EF3EC1BA7792200597D33 /* LaunchScreen.xib in Resources */,
				920EF3E91BA7792200597D33 /* Images.xcassets in Resources */,
			);
			runOnlyForDeploymentPostprocessing = 0;
		};
		920EF3EF1BA7792200597D33 /* Resources */ = {
			isa = PBXResourcesBuildPhase;
			buildActionMask = 2147483647;
			files = (
			);
			runOnlyForDeploymentPostprocessing = 0;
		};
/* End PBXResourcesBuildPhase section */

/* Begin PBXShellScriptBuildPhase section */
		53CBE02FFF7D5BC35DCA8CBB /* Check Pods Manifest.lock */ = {
			isa = PBXShellScriptBuildPhase;
			buildActionMask = 2147483647;
			files = (
			);
			inputPaths = (
			);
			name = "Check Pods Manifest.lock";
			outputPaths = (
			);
			runOnlyForDeploymentPostprocessing = 0;
			shellPath = /bin/sh;
			shellScript = "diff \"${PODS_ROOT}/../Podfile.lock\" \"${PODS_ROOT}/Manifest.lock\" > /dev/null\nif [[ $? != 0 ]] ; then\n    cat << EOM\nerror: The sandbox is not in sync with the Podfile.lock. Run 'pod install' or update your CocoaPods installation.\nEOM\n    exit 1\nfi\n";
			showEnvVarsInLog = 0;
		};
		E01699D7350CC61218A443BC /* Copy Pods Resources */ = {
			isa = PBXShellScriptBuildPhase;
			buildActionMask = 2147483647;
			files = (
			);
			inputPaths = (
			);
			name = "Copy Pods Resources";
			outputPaths = (
			);
			runOnlyForDeploymentPostprocessing = 0;
			shellPath = /bin/sh;
			shellScript = "\"${SRCROOT}/Pods/Target Support Files/Pods-Flipr/Pods-Flipr-resources.sh\"\n";
			showEnvVarsInLog = 0;
		};
/* End PBXShellScriptBuildPhase section */

/* Begin PBXSourcesBuildPhase section */
		920EF3D81BA7792200597D33 /* Sources */ = {
			isa = PBXSourcesBuildPhase;
			buildActionMask = 2147483647;
			files = (
				920EF3E41BA7792200597D33 /* ViewController.swift in Sources */,
				920EF3E21BA7792200597D33 /* AppDelegate.swift in Sources */,
			);
			runOnlyForDeploymentPostprocessing = 0;
		};
		920EF3ED1BA7792200597D33 /* Sources */ = {
			isa = PBXSourcesBuildPhase;
			buildActionMask = 2147483647;
			files = (
				920EF3F81BA7792200597D33 /* FliprTests.swift in Sources */,
			);
			runOnlyForDeploymentPostprocessing = 0;
		};
/* End PBXSourcesBuildPhase section */

/* Begin PBXTargetDependency section */
		920EF3F31BA7792200597D33 /* PBXTargetDependency */ = {
			isa = PBXTargetDependency;
			target = 920EF3DB1BA7792200597D33 /* Flipr */;
			targetProxy = 920EF3F21BA7792200597D33 /* PBXContainerItemProxy */;
		};
/* End PBXTargetDependency section */

/* Begin PBXVariantGroup section */
		920EF3E51BA7792200597D33 /* Main.storyboard */ = {
			isa = PBXVariantGroup;
			children = (
				920EF3E61BA7792200597D33 /* Base */,
			);
			name = Main.storyboard;
			sourceTree = "<group>";
		};
		920EF3EA1BA7792200597D33 /* LaunchScreen.xib */ = {
			isa = PBXVariantGroup;
			children = (
				920EF3EB1BA7792200597D33 /* Base */,
			);
			name = LaunchScreen.xib;
			sourceTree = "<group>";
		};
/* End PBXVariantGroup section */

/* Begin XCBuildConfiguration section */
		920EF3F91BA7792200597D33 /* Debug */ = {
			isa = XCBuildConfiguration;
			buildSettings = {
				ALWAYS_SEARCH_USER_PATHS = NO;
				CLANG_CXX_LANGUAGE_STANDARD = "gnu++0x";
				CLANG_CXX_LIBRARY = "libc++";
				CLANG_ENABLE_MODULES = YES;
				CLANG_ENABLE_OBJC_ARC = YES;
				CLANG_WARN_BOOL_CONVERSION = YES;
				CLANG_WARN_CONSTANT_CONVERSION = YES;
				CLANG_WARN_DIRECT_OBJC_ISA_USAGE = YES_ERROR;
				CLANG_WARN_EMPTY_BODY = YES;
				CLANG_WARN_ENUM_CONVERSION = YES;
				CLANG_WARN_INT_CONVERSION = YES;
				CLANG_WARN_OBJC_ROOT_CLASS = YES_ERROR;
				CLANG_WARN_UNREACHABLE_CODE = YES;
				CLANG_WARN__DUPLICATE_METHOD_MATCH = YES;
				"CODE_SIGN_IDENTITY[sdk=iphoneos*]" = "iPhone Developer";
				COPY_PHASE_STRIP = NO;
				DEBUG_INFORMATION_FORMAT = "dwarf-with-dsym";
				ENABLE_STRICT_OBJC_MSGSEND = YES;
				GCC_C_LANGUAGE_STANDARD = gnu99;
				GCC_DYNAMIC_NO_PIC = NO;
				GCC_NO_COMMON_BLOCKS = YES;
				GCC_OPTIMIZATION_LEVEL = 0;
				GCC_PREPROCESSOR_DEFINITIONS = (
					"DEBUG=1",
					"$(inherited)",
				);
				GCC_SYMBOLS_PRIVATE_EXTERN = NO;
				GCC_WARN_64_TO_32_BIT_CONVERSION = YES;
				GCC_WARN_ABOUT_RETURN_TYPE = YES_ERROR;
				GCC_WARN_UNDECLARED_SELECTOR = YES;
				GCC_WARN_UNINITIALIZED_AUTOS = YES_AGGRESSIVE;
				GCC_WARN_UNUSED_FUNCTION = YES;
				GCC_WARN_UNUSED_VARIABLE = YES;
				IPHONEOS_DEPLOYMENT_TARGET = 8.4;
				MTL_ENABLE_DEBUG_INFO = YES;
				ONLY_ACTIVE_ARCH = YES;
				SDKROOT = iphoneos;
				SWIFT_OPTIMIZATION_LEVEL = "-Onone";
				TARGETED_DEVICE_FAMILY = "1,2";
			};
			name = Debug;
		};
		920EF3FA1BA7792200597D33 /* Release */ = {
			isa = XCBuildConfiguration;
			buildSettings = {
				ALWAYS_SEARCH_USER_PATHS = NO;
				CLANG_CXX_LANGUAGE_STANDARD = "gnu++0x";
				CLANG_CXX_LIBRARY = "libc++";
				CLANG_ENABLE_MODULES = YES;
				CLANG_ENABLE_OBJC_ARC = YES;
				CLANG_WARN_BOOL_CONVERSION = YES;
				CLANG_WARN_CONSTANT_CONVERSION = YES;
				CLANG_WARN_DIRECT_OBJC_ISA_USAGE = YES_ERROR;
				CLANG_WARN_EMPTY_BODY = YES;
				CLANG_WARN_ENUM_CONVERSION = YES;
				CLANG_WARN_INT_CONVERSION = YES;
				CLANG_WARN_OBJC_ROOT_CLASS = YES_ERROR;
				CLANG_WARN_UNREACHABLE_CODE = YES;
				CLANG_WARN__DUPLICATE_METHOD_MATCH = YES;
				"CODE_SIGN_IDENTITY[sdk=iphoneos*]" = "iPhone Developer";
				COPY_PHASE_STRIP = NO;
				DEBUG_INFORMATION_FORMAT = "dwarf-with-dsym";
				ENABLE_NS_ASSERTIONS = NO;
				ENABLE_STRICT_OBJC_MSGSEND = YES;
				GCC_C_LANGUAGE_STANDARD = gnu99;
				GCC_NO_COMMON_BLOCKS = YES;
				GCC_WARN_64_TO_32_BIT_CONVERSION = YES;
				GCC_WARN_ABOUT_RETURN_TYPE = YES_ERROR;
				GCC_WARN_UNDECLARED_SELECTOR = YES;
				GCC_WARN_UNINITIALIZED_AUTOS = YES_AGGRESSIVE;
				GCC_WARN_UNUSED_FUNCTION = YES;
				GCC_WARN_UNUSED_VARIABLE = YES;
				IPHONEOS_DEPLOYMENT_TARGET = 8.4;
				MTL_ENABLE_DEBUG_INFO = NO;
				SDKROOT = iphoneos;
				TARGETED_DEVICE_FAMILY = "1,2";
				VALIDATE_PRODUCT = YES;
			};
			name = Release;
		};
		920EF3FC1BA7792200597D33 /* Debug */ = {
			isa = XCBuildConfiguration;
			baseConfigurationReference = 363D9272C369446F152EE14B /* Pods-Flipr.debug.xcconfig */;
			buildSettings = {
				ASSETCATALOG_COMPILER_APPICON_NAME = AppIcon;
				INFOPLIST_FILE = Flipr/Info.plist;
				LD_RUNPATH_SEARCH_PATHS = "$(inherited) @executable_path/Frameworks";
				PRODUCT_NAME = "$(TARGET_NAME)";
			};
			name = Debug;
		};
		920EF3FD1BA7792200597D33 /* Release */ = {
			isa = XCBuildConfiguration;
			baseConfigurationReference = 8701532541BB9090F77C0C7B /* Pods-Flipr.release.xcconfig */;
			buildSettings = {
				ASSETCATALOG_COMPILER_APPICON_NAME = AppIcon;
				INFOPLIST_FILE = Flipr/Info.plist;
				LD_RUNPATH_SEARCH_PATHS = "$(inherited) @executable_path/Frameworks";
				PRODUCT_NAME = "$(TARGET_NAME)";
			};
			name = Release;
		};
		920EF3FF1BA7792200597D33 /* Debug */ = {
			isa = XCBuildConfiguration;
			buildSettings = {
				BUNDLE_LOADER = "$(TEST_HOST)";
				FRAMEWORK_SEARCH_PATHS = (
					"$(SDKROOT)/Developer/Library/Frameworks",
					"$(inherited)",
				);
				GCC_PREPROCESSOR_DEFINITIONS = (
					"DEBUG=1",
					"$(inherited)",
				);
				INFOPLIST_FILE = FliprTests/Info.plist;
				LD_RUNPATH_SEARCH_PATHS = "$(inherited) @executable_path/Frameworks @loader_path/Frameworks";
				PRODUCT_NAME = "$(TARGET_NAME)";
				TEST_HOST = "$(BUILT_PRODUCTS_DIR)/Flipr.app/Flipr";
			};
			name = Debug;
		};
		920EF4001BA7792200597D33 /* Release */ = {
			isa = XCBuildConfiguration;
			buildSettings = {
				BUNDLE_LOADER = "$(TEST_HOST)";
				FRAMEWORK_SEARCH_PATHS = (
					"$(SDKROOT)/Developer/Library/Frameworks",
					"$(inherited)",
				);
				INFOPLIST_FILE = FliprTests/Info.plist;
				LD_RUNPATH_SEARCH_PATHS = "$(inherited) @executable_path/Frameworks @loader_path/Frameworks";
				PRODUCT_NAME = "$(TARGET_NAME)";
				TEST_HOST = "$(BUILT_PRODUCTS_DIR)/Flipr.app/Flipr";
			};
			name = Release;
		};
/* End XCBuildConfiguration section */

/* Begin XCConfigurationList section */
		920EF3D71BA7792200597D33 /* Build configuration list for PBXProject "Flipr" */ = {
			isa = XCConfigurationList;
			buildConfigurations = (
				920EF3F91BA7792200597D33 /* Debug */,
				920EF3FA1BA7792200597D33 /* Release */,
			);
			defaultConfigurationIsVisible = 0;
			defaultConfigurationName = Release;
		};
		920EF3FB1BA7792200597D33 /* Build configuration list for PBXNativeTarget "Flipr" */ = {
			isa = XCConfigurationList;
			buildConfigurations = (
				920EF3FC1BA7792200597D33 /* Debug */,
				920EF3FD1BA7792200597D33 /* Release */,
			);
			defaultConfigurationIsVisible = 0;
			defaultConfigurationName = Release;
		};
		920EF3FE1BA7792200597D33 /* Build configuration list for PBXNativeTarget "FliprTests" */ = {
			isa = XCConfigurationList;
			buildConfigurations = (
				920EF3FF1BA7792200597D33 /* Debug */,
				920EF4001BA7792200597D33 /* Release */,
			);
			defaultConfigurationIsVisible = 0;
			defaultConfigurationName = Release;
		};
/* End XCConfigurationList section */
	};
	rootObject = 920EF3D41BA7792200597D33 /* Project object */;
}
